// !$*UTF8*$!
{
	archiveVersion = 1;
	classes = {
	};
	objectVersion = 50;
	objects = {

/* Begin PBXBuildFile section */
		EB6746EA26EB885700A02695 /* AppDelegate.swift in Sources */ = {isa = PBXBuildFile; fileRef = EB6746E926EB885700A02695 /* AppDelegate.swift */; };
		EB6746EC26EB885700A02695 /* SceneDelegate.swift in Sources */ = {isa = PBXBuildFile; fileRef = EB6746EB26EB885700A02695 /* SceneDelegate.swift */; };
		EB6746EE26EB885700A02695 /* ViewController.swift in Sources */ = {isa = PBXBuildFile; fileRef = EB6746ED26EB885700A02695 /* ViewController.swift */; };
		EB6746F126EB885700A02695 /* Main.storyboard in Resources */ = {isa = PBXBuildFile; fileRef = EB6746EF26EB885700A02695 /* Main.storyboard */; };
		EB6746F426EB885700A02695 /* Covid_Data.xcdatamodeld in Sources */ = {isa = PBXBuildFile; fileRef = EB6746F226EB885700A02695 /* Covid_Data.xcdatamodeld */; };
		EB6746F626EB885800A02695 /* Assets.xcassets in Resources */ = {isa = PBXBuildFile; fileRef = EB6746F526EB885800A02695 /* Assets.xcassets */; };
		EB6746F926EB885800A02695 /* LaunchScreen.storyboard in Resources */ = {isa = PBXBuildFile; fileRef = EB6746F726EB885800A02695 /* LaunchScreen.storyboard */; };
		EB67470426EB885800A02695 /* Covid_DataTests.swift in Sources */ = {isa = PBXBuildFile; fileRef = EB67470326EB885800A02695 /* Covid_DataTests.swift */; };
		EB67470F26EB885800A02695 /* Covid_DataUITests.swift in Sources */ = {isa = PBXBuildFile; fileRef = EB67470E26EB885800A02695 /* Covid_DataUITests.swift */; };
/* End PBXBuildFile section */

/* Begin PBXContainerItemProxy section */
		EB67470026EB885800A02695 /* PBXContainerItemProxy */ = {
			isa = PBXContainerItemProxy;
			containerPortal = EB6746DE26EB885700A02695 /* Project object */;
			proxyType = 1;
			remoteGlobalIDString = EB6746E526EB885700A02695;
			remoteInfo = "Covid Data";
		};
		EB67470B26EB885800A02695 /* PBXContainerItemProxy */ = {
			isa = PBXContainerItemProxy;
			containerPortal = EB6746DE26EB885700A02695 /* Project object */;
			proxyType = 1;
			remoteGlobalIDString = EB6746E526EB885700A02695;
			remoteInfo = "Covid Data";
		};
/* End PBXContainerItemProxy section */

/* Begin PBXFileReference section */
		EB6746E626EB885700A02695 /* Covid Data.app */ = {isa = PBXFileReference; explicitFileType = wrapper.application; includeInIndex = 0; path = "Covid Data.app"; sourceTree = BUILT_PRODUCTS_DIR; };
		EB6746E926EB885700A02695 /* AppDelegate.swift */ = {isa = PBXFileReference; lastKnownFileType = sourcecode.swift; path = AppDelegate.swift; sourceTree = "<group>"; };
		EB6746EB26EB885700A02695 /* SceneDelegate.swift */ = {isa = PBXFileReference; lastKnownFileType = sourcecode.swift; path = SceneDelegate.swift; sourceTree = "<group>"; };
		EB6746ED26EB885700A02695 /* ViewController.swift */ = {isa = PBXFileReference; lastKnownFileType = sourcecode.swift; path = ViewController.swift; sourceTree = "<group>"; };
		EB6746F026EB885700A02695 /* Base */ = {isa = PBXFileReference; lastKnownFileType = file.storyboard; name = Base; path = Base.lproj/Main.storyboard; sourceTree = "<group>"; };
		EB6746F326EB885700A02695 /* Covid_Data.xcdatamodel */ = {isa = PBXFileReference; lastKnownFileType = wrapper.xcdatamodel; path = Covid_Data.xcdatamodel; sourceTree = "<group>"; };
		EB6746F526EB885800A02695 /* Assets.xcassets */ = {isa = PBXFileReference; lastKnownFileType = folder.assetcatalog; path = Assets.xcassets; sourceTree = "<group>"; };
		EB6746F826EB885800A02695 /* Base */ = {isa = PBXFileReference; lastKnownFileType = file.storyboard; name = Base; path = Base.lproj/LaunchScreen.storyboard; sourceTree = "<group>"; };
		EB6746FA26EB885800A02695 /* Info.plist */ = {isa = PBXFileReference; lastKnownFileType = text.plist.xml; path = Info.plist; sourceTree = "<group>"; };
		EB6746FF26EB885800A02695 /* Covid DataTests.xctest */ = {isa = PBXFileReference; explicitFileType = wrapper.cfbundle; includeInIndex = 0; path = "Covid DataTests.xctest"; sourceTree = BUILT_PRODUCTS_DIR; };
		EB67470326EB885800A02695 /* Covid_DataTests.swift */ = {isa = PBXFileReference; lastKnownFileType = sourcecode.swift; path = Covid_DataTests.swift; sourceTree = "<group>"; };
		EB67470526EB885800A02695 /* Info.plist */ = {isa = PBXFileReference; lastKnownFileType = text.plist.xml; path = Info.plist; sourceTree = "<group>"; };
		EB67470A26EB885800A02695 /* Covid DataUITests.xctest */ = {isa = PBXFileReference; explicitFileType = wrapper.cfbundle; includeInIndex = 0; path = "Covid DataUITests.xctest"; sourceTree = BUILT_PRODUCTS_DIR; };
		EB67470E26EB885800A02695 /* Covid_DataUITests.swift */ = {isa = PBXFileReference; lastKnownFileType = sourcecode.swift; path = Covid_DataUITests.swift; sourceTree = "<group>"; };
		EB67471026EB885800A02695 /* Info.plist */ = {isa = PBXFileReference; lastKnownFileType = text.plist.xml; path = Info.plist; sourceTree = "<group>"; };
/* End PBXFileReference section */

/* Begin PBXFrameworksBuildPhase section */
		EB6746E326EB885700A02695 /* Frameworks */ = {
			isa = PBXFrameworksBuildPhase;
			buildActionMask = 2147483647;
			files = (
			);
			runOnlyForDeploymentPostprocessing = 0;
		};
		EB6746FC26EB885800A02695 /* Frameworks */ = {
			isa = PBXFrameworksBuildPhase;
			buildActionMask = 2147483647;
			files = (
			);
			runOnlyForDeploymentPostprocessing = 0;
		};
		EB67470726EB885800A02695 /* Frameworks */ = {
			isa = PBXFrameworksBuildPhase;
			buildActionMask = 2147483647;
			files = (
			);
			runOnlyForDeploymentPostprocessing = 0;
		};
/* End PBXFrameworksBuildPhase section */

/* Begin PBXGroup section */
		EB6746DD26EB885700A02695 = {
			isa = PBXGroup;
			children = (
				EB6746E826EB885700A02695 /* Covid Data */,
				EB67470226EB885800A02695 /* Covid DataTests */,
				EB67470D26EB885800A02695 /* Covid DataUITests */,
				EB6746E726EB885700A02695 /* Products */,
			);
			sourceTree = "<group>";
		};
		EB6746E726EB885700A02695 /* Products */ = {
			isa = PBXGroup;
			children = (
				EB6746E626EB885700A02695 /* Covid Data.app */,
				EB6746FF26EB885800A02695 /* Covid DataTests.xctest */,
				EB67470A26EB885800A02695 /* Covid DataUITests.xctest */,
			);
			name = Products;
			sourceTree = "<group>";
		};
		EB6746E826EB885700A02695 /* Covid Data */ = {
			isa = PBXGroup;
			children = (
				EB6746E926EB885700A02695 /* AppDelegate.swift */,
				EB6746EB26EB885700A02695 /* SceneDelegate.swift */,
				EB6746ED26EB885700A02695 /* ViewController.swift */,
				EB6746EF26EB885700A02695 /* Main.storyboard */,
				EB6746F526EB885800A02695 /* Assets.xcassets */,
				EB6746F726EB885800A02695 /* LaunchScreen.storyboard */,
				EB6746FA26EB885800A02695 /* Info.plist */,
				EB6746F226EB885700A02695 /* Covid_Data.xcdatamodeld */,
			);
			path = "Covid Data";
			sourceTree = "<group>";
		};
		EB67470226EB885800A02695 /* Covid DataTests */ = {
			isa = PBXGroup;
			children = (
				EB67470326EB885800A02695 /* Covid_DataTests.swift */,
				EB67470526EB885800A02695 /* Info.plist */,
			);
			path = "Covid DataTests";
			sourceTree = "<group>";
		};
		EB67470D26EB885800A02695 /* Covid DataUITests */ = {
			isa = PBXGroup;
			children = (
				EB67470E26EB885800A02695 /* Covid_DataUITests.swift */,
				EB67471026EB885800A02695 /* Info.plist */,
			);
			path = "Covid DataUITests";
			sourceTree = "<group>";
		};
/* End PBXGroup section */

/* Begin PBXNativeTarget section */
		EB6746E526EB885700A02695 /* Covid Data */ = {
			isa = PBXNativeTarget;
			buildConfigurationList = EB67471326EB885800A02695 /* Build configuration list for PBXNativeTarget "Covid Data" */;
			buildPhases = (
				EB6746E226EB885700A02695 /* Sources */,
				EB6746E326EB885700A02695 /* Frameworks */,
				EB6746E426EB885700A02695 /* Resources */,
			);
			buildRules = (
			);
			dependencies = (
			);
			name = "Covid Data";
			productName = "Covid Data";
			productReference = EB6746E626EB885700A02695 /* Covid Data.app */;
			productType = "com.apple.product-type.application";
		};
		EB6746FE26EB885800A02695 /* Covid DataTests */ = {
			isa = PBXNativeTarget;
			buildConfigurationList = EB67471626EB885800A02695 /* Build configuration list for PBXNativeTarget "Covid DataTests" */;
			buildPhases = (
				EB6746FB26EB885800A02695 /* Sources */,
				EB6746FC26EB885800A02695 /* Frameworks */,
				EB6746FD26EB885800A02695 /* Resources */,
			);
			buildRules = (
			);
			dependencies = (
				EB67470126EB885800A02695 /* PBXTargetDependency */,
			);
			name = "Covid DataTests";
			productName = "Covid DataTests";
			productReference = EB6746FF26EB885800A02695 /* Covid DataTests.xctest */;
			productType = "com.apple.product-type.bundle.unit-test";
		};
		EB67470926EB885800A02695 /* Covid DataUITests */ = {
			isa = PBXNativeTarget;
			buildConfigurationList = EB67471926EB885800A02695 /* Build configuration list for PBXNativeTarget "Covid DataUITests" */;
			buildPhases = (
				EB67470626EB885800A02695 /* Sources */,
				EB67470726EB885800A02695 /* Frameworks */,
				EB67470826EB885800A02695 /* Resources */,
			);
			buildRules = (
			);
			dependencies = (
				EB67470C26EB885800A02695 /* PBXTargetDependency */,
			);
			name = "Covid DataUITests";
			productName = "Covid DataUITests";
			productReference = EB67470A26EB885800A02695 /* Covid DataUITests.xctest */;
			productType = "com.apple.product-type.bundle.ui-testing";
		};
/* End PBXNativeTarget section */

/* Begin PBXProject section */
		EB6746DE26EB885700A02695 /* Project object */ = {
			isa = PBXProject;
			attributes = {
				LastSwiftUpdateCheck = 1240;
				LastUpgradeCheck = 1240;
				TargetAttributes = {
					EB6746E526EB885700A02695 = {
						CreatedOnToolsVersion = 12.4;
					};
					EB6746FE26EB885800A02695 = {
						CreatedOnToolsVersion = 12.4;
						TestTargetID = EB6746E526EB885700A02695;
					};
					EB67470926EB885800A02695 = {
						CreatedOnToolsVersion = 12.4;
						TestTargetID = EB6746E526EB885700A02695;
					};
				};
			};
			buildConfigurationList = EB6746E126EB885700A02695 /* Build configuration list for PBXProject "Covid Data" */;
			compatibilityVersion = "Xcode 9.3";
			developmentRegion = en;
			hasScannedForEncodings = 0;
			knownRegions = (
				en,
				Base,
			);
			mainGroup = EB6746DD26EB885700A02695;
			productRefGroup = EB6746E726EB885700A02695 /* Products */;
			projectDirPath = "";
			projectRoot = "";
			targets = (
				EB6746E526EB885700A02695 /* Covid Data */,
				EB6746FE26EB885800A02695 /* Covid DataTests */,
				EB67470926EB885800A02695 /* Covid DataUITests */,
			);
		};
/* End PBXProject section */

/* Begin PBXResourcesBuildPhase section */
		EB6746E426EB885700A02695 /* Resources */ = {
			isa = PBXResourcesBuildPhase;
			buildActionMask = 2147483647;
			files = (
				EB6746F926EB885800A02695 /* LaunchScreen.storyboard in Resources */,
				EB6746F626EB885800A02695 /* Assets.xcassets in Resources */,
				EB6746F126EB885700A02695 /* Main.storyboard in Resources */,
			);
			runOnlyForDeploymentPostprocessing = 0;
		};
		EB6746FD26EB885800A02695 /* Resources */ = {
			isa = PBXResourcesBuildPhase;
			buildActionMask = 2147483647;
			files = (
			);
			runOnlyForDeploymentPostprocessing = 0;
		};
		EB67470826EB885800A02695 /* Resources */ = {
			isa = PBXResourcesBuildPhase;
			buildActionMask = 2147483647;
			files = (
			);
			runOnlyForDeploymentPostprocessing = 0;
		};
/* End PBXResourcesBuildPhase section */

/* Begin PBXSourcesBuildPhase section */
		EB6746E226EB885700A02695 /* Sources */ = {
			isa = PBXSourcesBuildPhase;
			buildActionMask = 2147483647;
			files = (
				EB6746EE26EB885700A02695 /* ViewController.swift in Sources */,
				EB6746F426EB885700A02695 /* Covid_Data.xcdatamodeld in Sources */,
				EB6746EA26EB885700A02695 /* AppDelegate.swift in Sources */,
				EB6746EC26EB885700A02695 /* SceneDelegate.swift in Sources */,
			);
			runOnlyForDeploymentPostprocessing = 0;
		};
		EB6746FB26EB885800A02695 /* Sources */ = {
			isa = PBXSourcesBuildPhase;
			buildActionMask = 2147483647;
			files = (
				EB67470426EB885800A02695 /* Covid_DataTests.swift in Sources */,
			);
			runOnlyForDeploymentPostprocessing = 0;
		};
		EB67470626EB885800A02695 /* Sources */ = {
			isa = PBXSourcesBuildPhase;
			buildActionMask = 2147483647;
			files = (
				EB67470F26EB885800A02695 /* Covid_DataUITests.swift in Sources */,
			);
			runOnlyForDeploymentPostprocessing = 0;
		};
/* End PBXSourcesBuildPhase section */

/* Begin PBXTargetDependency section */
		EB67470126EB885800A02695 /* PBXTargetDependency */ = {
			isa = PBXTargetDependency;
			target = EB6746E526EB885700A02695 /* Covid Data */;
			targetProxy = EB67470026EB885800A02695 /* PBXContainerItemProxy */;
		};
		EB67470C26EB885800A02695 /* PBXTargetDependency */ = {
			isa = PBXTargetDependency;
			target = EB6746E526EB885700A02695 /* Covid Data */;
			targetProxy = EB67470B26EB885800A02695 /* PBXContainerItemProxy */;
		};
/* End PBXTargetDependency section */

/* Begin PBXVariantGroup section */
		EB6746EF26EB885700A02695 /* Main.storyboard */ = {
			isa = PBXVariantGroup;
			children = (
				EB6746F026EB885700A02695 /* Base */,
			);
			name = Main.storyboard;
			sourceTree = "<group>";
		};
		EB6746F726EB885800A02695 /* LaunchScreen.storyboard */ = {
			isa = PBXVariantGroup;
			children = (
				EB6746F826EB885800A02695 /* Base */,
			);
			name = LaunchScreen.storyboard;
			sourceTree = "<group>";
		};
/* End PBXVariantGroup section */

/* Begin XCBuildConfiguration section */
		EB67471126EB885800A02695 /* Debug */ = {
			isa = XCBuildConfiguration;
			buildSettings = {
				ALWAYS_SEARCH_USER_PATHS = NO;
				CLANG_ANALYZER_NONNULL = YES;
				CLANG_ANALYZER_NUMBER_OBJECT_CONVERSION = YES_AGGRESSIVE;
				CLANG_CXX_LANGUAGE_STANDARD = "gnu++14";
				CLANG_CXX_LIBRARY = "libc++";
				CLANG_ENABLE_MODULES = YES;
				CLANG_ENABLE_OBJC_ARC = YES;
				CLANG_ENABLE_OBJC_WEAK = YES;
				CLANG_WARN_BLOCK_CAPTURE_AUTORELEASING = YES;
				CLANG_WARN_BOOL_CONVERSION = YES;
				CLANG_WARN_COMMA = YES;
				CLANG_WARN_CONSTANT_CONVERSION = YES;
				CLANG_WARN_DEPRECATED_OBJC_IMPLEMENTATIONS = YES;
				CLANG_WARN_DIRECT_OBJC_ISA_USAGE = YES_ERROR;
				CLANG_WARN_DOCUMENTATION_COMMENTS = YES;
				CLANG_WARN_EMPTY_BODY = YES;
				CLANG_WARN_ENUM_CONVERSION = YES;
				CLANG_WARN_INFINITE_RECURSION = YES;
				CLANG_WARN_INT_CONVERSION = YES;
				CLANG_WARN_NON_LITERAL_NULL_CONVERSION = YES;
				CLANG_WARN_OBJC_IMPLICIT_RETAIN_SELF = YES;
				CLANG_WARN_OBJC_LITERAL_CONVERSION = YES;
				CLANG_WARN_OBJC_ROOT_CLASS = YES_ERROR;
				CLANG_WARN_QUOTED_INCLUDE_IN_FRAMEWORK_HEADER = YES;
				CLANG_WARN_RANGE_LOOP_ANALYSIS = YES;
				CLANG_WARN_STRICT_PROTOTYPES = YES;
				CLANG_WARN_SUSPICIOUS_MOVE = YES;
				CLANG_WARN_UNGUARDED_AVAILABILITY = YES_AGGRESSIVE;
				CLANG_WARN_UNREACHABLE_CODE = YES;
				CLANG_WARN__DUPLICATE_METHOD_MATCH = YES;
				COPY_PHASE_STRIP = NO;
				DEBUG_INFORMATION_FORMAT = dwarf;
				ENABLE_STRICT_OBJC_MSGSEND = YES;
				ENABLE_TESTABILITY = YES;
				GCC_C_LANGUAGE_STANDARD = gnu11;
				GCC_DYNAMIC_NO_PIC = NO;
				GCC_NO_COMMON_BLOCKS = YES;
				GCC_OPTIMIZATION_LEVEL = 0;
				GCC_PREPROCESSOR_DEFINITIONS = (
					"DEBUG=1",
					"$(inherited)",
				);
				GCC_WARN_64_TO_32_BIT_CONVERSION = YES;
				GCC_WARN_ABOUT_RETURN_TYPE = YES_ERROR;
				GCC_WARN_UNDECLARED_SELECTOR = YES;
				GCC_WARN_UNINITIALIZED_AUTOS = YES_AGGRESSIVE;
				GCC_WARN_UNUSED_FUNCTION = YES;
				GCC_WARN_UNUSED_VARIABLE = YES;
				IPHONEOS_DEPLOYMENT_TARGET = 14.4;
				MTL_ENABLE_DEBUG_INFO = INCLUDE_SOURCE;
				MTL_FAST_MATH = YES;
				ONLY_ACTIVE_ARCH = YES;
				SDKROOT = iphoneos;
				SWIFT_ACTIVE_COMPILATION_CONDITIONS = DEBUG;
				SWIFT_OPTIMIZATION_LEVEL = "-Onone";
			};
			name = Debug;
		};
		EB67471226EB885800A02695 /* Release */ = {
			isa = XCBuildConfiguration;
			buildSettings = {
				ALWAYS_SEARCH_USER_PATHS = NO;
				CLANG_ANALYZER_NONNULL = YES;
				CLANG_ANALYZER_NUMBER_OBJECT_CONVERSION = YES_AGGRESSIVE;
				CLANG_CXX_LANGUAGE_STANDARD = "gnu++14";
				CLANG_CXX_LIBRARY = "libc++";
				CLANG_ENABLE_MODULES = YES;
				CLANG_ENABLE_OBJC_ARC = YES;
				CLANG_ENABLE_OBJC_WEAK = YES;
				CLANG_WARN_BLOCK_CAPTURE_AUTORELEASING = YES;
				CLANG_WARN_BOOL_CONVERSION = YES;
				CLANG_WARN_COMMA = YES;
				CLANG_WARN_CONSTANT_CONVERSION = YES;
				CLANG_WARN_DEPRECATED_OBJC_IMPLEMENTATIONS = YES;
				CLANG_WARN_DIRECT_OBJC_ISA_USAGE = YES_ERROR;
				CLANG_WARN_DOCUMENTATION_COMMENTS = YES;
				CLANG_WARN_EMPTY_BODY = YES;
				CLANG_WARN_ENUM_CONVERSION = YES;
				CLANG_WARN_INFINITE_RECURSION = YES;
				CLANG_WARN_INT_CONVERSION = YES;
				CLANG_WARN_NON_LITERAL_NULL_CONVERSION = YES;
				CLANG_WARN_OBJC_IMPLICIT_RETAIN_SELF = YES;
				CLANG_WARN_OBJC_LITERAL_CONVERSION = YES;
				CLANG_WARN_OBJC_ROOT_CLASS = YES_ERROR;
				CLANG_WARN_QUOTED_INCLUDE_IN_FRAMEWORK_HEADER = YES;
				CLANG_WARN_RANGE_LOOP_ANALYSIS = YES;
				CLANG_WARN_STRICT_PROTOTYPES = YES;
				CLANG_WARN_SUSPICIOUS_MOVE = YES;
				CLANG_WARN_UNGUARDED_AVAILABILITY = YES_AGGRESSIVE;
				CLANG_WARN_UNREACHABLE_CODE = YES;
				CLANG_WARN__DUPLICATE_METHOD_MATCH = YES;
				COPY_PHASE_STRIP = NO;
				DEBUG_INFORMATION_FORMAT = "dwarf-with-dsym";
				ENABLE_NS_ASSERTIONS = NO;
				ENABLE_STRICT_OBJC_MSGSEND = YES;
				GCC_C_LANGUAGE_STANDARD = gnu11;
				GCC_NO_COMMON_BLOCKS = YES;
				GCC_WARN_64_TO_32_BIT_CONVERSION = YES;
				GCC_WARN_ABOUT_RETURN_TYPE = YES_ERROR;
				GCC_WARN_UNDECLARED_SELECTOR = YES;
				GCC_WARN_UNINITIALIZED_AUTOS = YES_AGGRESSIVE;
				GCC_WARN_UNUSED_FUNCTION = YES;
				GCC_WARN_UNUSED_VARIABLE = YES;
				IPHONEOS_DEPLOYMENT_TARGET = 14.4;
				MTL_ENABLE_DEBUG_INFO = NO;
				MTL_FAST_MATH = YES;
				SDKROOT = iphoneos;
				SWIFT_COMPILATION_MODE = wholemodule;
				SWIFT_OPTIMIZATION_LEVEL = "-O";
				VALIDATE_PRODUCT = YES;
			};
			name = Release;
		};
		EB67471426EB885800A02695 /* Debug */ = {
			isa = XCBuildConfiguration;
			buildSettings = {
				ASSETCATALOG_COMPILER_APPICON_NAME = AppIcon;
				ASSETCATALOG_COMPILER_GLOBAL_ACCENT_COLOR_NAME = AccentColor;
				CODE_SIGN_STYLE = Automatic;
				DEVELOPMENT_TEAM = 3MDHM6VA27;
				INFOPLIST_FILE = "Covid Data/Info.plist";
				LD_RUNPATH_SEARCH_PATHS = (
					"$(inherited)",
					"@executable_path/Frameworks",
				);
				PRODUCT_BUNDLE_IDENTIFIER = "com.achyuth.Covid-Data";
				PRODUCT_NAME = "$(TARGET_NAME)";
				SWIFT_VERSION = 5.0;
				TARGETED_DEVICE_FAMILY = "1,2";
			};
			name = Debug;
		};
		EB67471526EB885800A02695 /* Release */ = {
			isa = XCBuildConfiguration;
			buildSettings = {
				ASSETCATALOG_COMPILER_APPICON_NAME = AppIcon;
				ASSETCATALOG_COMPILER_GLOBAL_ACCENT_COLOR_NAME = AccentColor;
				CODE_SIGN_STYLE = Automatic;
				DEVELOPMENT_TEAM = 3MDHM6VA27;
				INFOPLIST_FILE = "Covid Data/Info.plist";
				LD_RUNPATH_SEARCH_PATHS = (
					"$(inherited)",
					"@executable_path/Frameworks",
				);
				PRODUCT_BUNDLE_IDENTIFIER = "com.achyuth.Covid-Data";
				PRODUCT_NAME = "$(TARGET_NAME)";
				SWIFT_VERSION = 5.0;
				TARGETED_DEVICE_FAMILY = "1,2";
			};
			name = Release;
		};
		EB67471726EB885800A02695 /* Debug */ = {
			isa = XCBuildConfiguration;
			buildSettings = {
				ALWAYS_EMBED_SWIFT_STANDARD_LIBRARIES = YES;
				BUNDLE_LOADER = "$(TEST_HOST)";
				CODE_SIGN_STYLE = Automatic;
				DEVELOPMENT_TEAM = 3MDHM6VA27;
				INFOPLIST_FILE = "Covid DataTests/Info.plist";
				IPHONEOS_DEPLOYMENT_TARGET = 14.4;
				LD_RUNPATH_SEARCH_PATHS = (
					"$(inherited)",
					"@executable_path/Frameworks",
					"@loader_path/Frameworks",
				);
				PRODUCT_BUNDLE_IDENTIFIER = "com.achyuth.Covid-DataTests";
				PRODUCT_NAME = "$(TARGET_NAME)";
				SWIFT_VERSION = 5.0;
				TARGETED_DEVICE_FAMILY = "1,2";
				TEST_HOST = "$(BUILT_PRODUCTS_DIR)/Covid Data.app/Covid Data";
			};
			name = Debug;
		};
		EB67471826EB885800A02695 /* Release */ = {
			isa = XCBuildConfiguration;
			buildSettings = {
				ALWAYS_EMBED_SWIFT_STANDARD_LIBRARIES = YES;
				BUNDLE_LOADER = "$(TEST_HOST)";
				CODE_SIGN_STYLE = Automatic;
				DEVELOPMENT_TEAM = 3MDHM6VA27;
				INFOPLIST_FILE = "Covid DataTests/Info.plist";
				IPHONEOS_DEPLOYMENT_TARGET = 14.4;
				LD_RUNPATH_SEARCH_PATHS = (
					"$(inherited)",
					"@executable_path/Frameworks",
					"@loader_path/Frameworks",
				);
				PRODUCT_BUNDLE_IDENTIFIER = "com.achyuth.Covid-DataTests";
				PRODUCT_NAME = "$(TARGET_NAME)";
				SWIFT_VERSION = 5.0;
				TARGETED_DEVICE_FAMILY = "1,2";
				TEST_HOST = "$(BUILT_PRODUCTS_DIR)/Covid Data.app/Covid Data";
			};
			name = Release;
		};
		EB67471A26EB885800A02695 /* Debug */ = {
			isa = XCBuildConfiguration;
			buildSettings = {
				ALWAYS_EMBED_SWIFT_STANDARD_LIBRARIES = YES;
				CODE_SIGN_STYLE = Automatic;
				DEVELOPMENT_TEAM = 3MDHM6VA27;
				INFOPLIST_FILE = "Covid DataUITests/Info.plist";
				LD_RUNPATH_SEARCH_PATHS = (
					"$(inherited)",
					"@executable_path/Frameworks",
					"@loader_path/Frameworks",
				);
				PRODUCT_BUNDLE_IDENTIFIER = "com.achyuth.Covid-DataUITests";
				PRODUCT_NAME = "$(TARGET_NAME)";
				SWIFT_VERSION = 5.0;
				TARGETED_DEVICE_FAMILY = "1,2";
				TEST_TARGET_NAME = "Covid Data";
			};
			name = Debug;
		};
		EB67471B26EB885800A02695 /* Release */ = {
			isa = XCBuildConfiguration;
			buildSettings = {
				ALWAYS_EMBED_SWIFT_STANDARD_LIBRARIES = YES;
				CODE_SIGN_STYLE = Automatic;
				DEVELOPMENT_TEAM = 3MDHM6VA27;
				INFOPLIST_FILE = "Covid DataUITests/Info.plist";
				LD_RUNPATH_SEARCH_PATHS = (
					"$(inherited)",
					"@executable_path/Frameworks",
					"@loader_path/Frameworks",
				);
				PRODUCT_BUNDLE_IDENTIFIER = "com.achyuth.Covid-DataUITests";
				PRODUCT_NAME = "$(TARGET_NAME)";
				SWIFT_VERSION = 5.0;
				TARGETED_DEVICE_FAMILY = "1,2";
				TEST_TARGET_NAME = "Covid Data";
			};
			name = Release;
		};
/* End XCBuildConfiguration section */

/* Begin XCConfigurationList section */
		EB6746E126EB885700A02695 /* Build configuration list for PBXProject "Covid Data" */ = {
			isa = XCConfigurationList;
			buildConfigurations = (
				EB67471126EB885800A02695 /* Debug */,
				EB67471226EB885800A02695 /* Release */,
			);
			defaultConfigurationIsVisible = 0;
			defaultConfigurationName = Release;
		};
		EB67471326EB885800A02695 /* Build configuration list for PBXNativeTarget "Covid Data" */ = {
			isa = XCConfigurationList;
			buildConfigurations = (
				EB67471426EB885800A02695 /* Debug */,
				EB67471526EB885800A02695 /* Release */,
			);
			defaultConfigurationIsVisible = 0;
			defaultConfigurationName = Release;
		};
		EB67471626EB885800A02695 /* Build configuration list for PBXNativeTarget "Covid DataTests" */ = {
			isa = XCConfigurationList;
			buildConfigurations = (
				EB67471726EB885800A02695 /* Debug */,
				EB67471826EB885800A02695 /* Release */,
			);
			defaultConfigurationIsVisible = 0;
			defaultConfigurationName = Release;
		};
		EB67471926EB885800A02695 /* Build configuration list for PBXNativeTarget "Covid DataUITests" */ = {
			isa = XCConfigurationList;
			buildConfigurations = (
				EB67471A26EB885800A02695 /* Debug */,
				EB67471B26EB885800A02695 /* Release */,
			);
			defaultConfigurationIsVisible = 0;
			defaultConfigurationName = Release;
		};
/* End XCConfigurationList section */

/* Begin XCVersionGroup section */
		EB6746F226EB885700A02695 /* Covid_Data.xcdatamodeld */ = {
			isa = XCVersionGroup;
			children = (
				EB6746F326EB885700A02695 /* Covid_Data.xcdatamodel */,
			);
			currentVersion = EB6746F326EB885700A02695 /* Covid_Data.xcdatamodel */;
			path = Covid_Data.xcdatamodeld;
			sourceTree = "<group>";
			versionGroupType = wrapper.xcdatamodel;
		};
/* End XCVersionGroup section */
	};
	rootObject = EB6746DE26EB885700A02695 /* Project object */;
}
