// !$*UTF8*$!
{
	archiveVersion = 1;
	classes = {
	};
	objectVersion = 51;
	objects = {

/* Begin PBXBuildFile section */
		4C3D94B4084CA1592ED080A4 /* Pods_Covid_DataTests.framework in Frameworks */ = {isa = PBXBuildFile; fileRef = DEA7BBA8A6920BC68E05CBC4 /* Pods_Covid_DataTests.framework */; };
		B7402E8A6F0283FA5AE0F60B /* Pods_Covid_Data.framework in Frameworks */ = {isa = PBXBuildFile; fileRef = 7533DCAD612346453F0277DA /* Pods_Covid_Data.framework */; };
		D1042F7D921BD3B37D18B83C /* Pods_Covid_Data_Covid_DataUITests.framework in Frameworks */ = {isa = PBXBuildFile; fileRef = 5051BE73858D5EDFD6DC5318 /* Pods_Covid_Data_Covid_DataUITests.framework */; };
		EB6746EA26EB885700A02695 /* AppDelegate.swift in Sources */ = {isa = PBXBuildFile; fileRef = EB6746E926EB885700A02695 /* AppDelegate.swift */; };
		EB6746EC26EB885700A02695 /* SceneDelegate.swift in Sources */ = {isa = PBXBuildFile; fileRef = EB6746EB26EB885700A02695 /* SceneDelegate.swift */; };
		EB6746F126EB885700A02695 /* Main.storyboard in Resources */ = {isa = PBXBuildFile; fileRef = EB6746EF26EB885700A02695 /* Main.storyboard */; };
		EB6746F426EB885700A02695 /* Covid_Data.xcdatamodeld in Sources */ = {isa = PBXBuildFile; fileRef = EB6746F226EB885700A02695 /* Covid_Data.xcdatamodeld */; };
		EB6746F626EB885800A02695 /* Assets.xcassets in Resources */ = {isa = PBXBuildFile; fileRef = EB6746F526EB885800A02695 /* Assets.xcassets */; };
		EB6746F926EB885800A02695 /* LaunchScreen.storyboard in Resources */ = {isa = PBXBuildFile; fileRef = EB6746F726EB885800A02695 /* LaunchScreen.storyboard */; };
		EB67470426EB885800A02695 /* Covid_DataTests.swift in Sources */ = {isa = PBXBuildFile; fileRef = EB67470326EB885800A02695 /* Covid_DataTests.swift */; };
		EB67470F26EB885800A02695 /* Covid_DataUITests.swift in Sources */ = {isa = PBXBuildFile; fileRef = EB67470E26EB885800A02695 /* Covid_DataUITests.swift */; };
		EB67472926EB8EC200A02695 /* CDDefaluts.swift in Sources */ = {isa = PBXBuildFile; fileRef = EB67472726EB8EC200A02695 /* CDDefaluts.swift */; };
		EB67472A26EB8EC200A02695 /* IMUtility.swift in Sources */ = {isa = PBXBuildFile; fileRef = EB67472826EB8EC200A02695 /* IMUtility.swift */; };
		EB67473326EB8EE800A02695 /* APIClient.swift in Sources */ = {isa = PBXBuildFile; fileRef = EB67472F26EB8EE800A02695 /* APIClient.swift */; };
		EB67473426EB8EE800A02695 /* APIConstants.swift in Sources */ = {isa = PBXBuildFile; fileRef = EB67473026EB8EE800A02695 /* APIConstants.swift */; };
		EB67473526EB8EE800A02695 /* APIRouter.swift in Sources */ = {isa = PBXBuildFile; fileRef = EB67473126EB8EE800A02695 /* APIRouter.swift */; };
		EB67473626EB8EE800A02695 /* Enviroment.swift in Sources */ = {isa = PBXBuildFile; fileRef = EB67473226EB8EE800A02695 /* Enviroment.swift */; };
		EB67473C26EB8F1500A02695 /* Models.swift in Sources */ = {isa = PBXBuildFile; fileRef = EB67473B26EB8F1500A02695 /* Models.swift */; };
		EB67474426EB8F3400A02695 /* SavedCountryNamesListCell.swift in Sources */ = {isa = PBXBuildFile; fileRef = EB67474126EB8F3300A02695 /* SavedCountryNamesListCell.swift */; };
		EB67474526EB8F3400A02695 /* CountryListCell.swift in Sources */ = {isa = PBXBuildFile; fileRef = EB67474226EB8F3300A02695 /* CountryListCell.swift */; };
		EB67474626EB8F3400A02695 /* CountryDetailsListCell.swift in Sources */ = {isa = PBXBuildFile; fileRef = EB67474326EB8F3300A02695 /* CountryDetailsListCell.swift */; };
		EB67474D26EB8F5A00A02695 /* CountrysListVC.swift in Sources */ = {isa = PBXBuildFile; fileRef = EB67474B26EB8F5A00A02695 /* CountrysListVC.swift */; };
		EB67474E26EB8F5A00A02695 /* CountryDetailsVC.swift in Sources */ = {isa = PBXBuildFile; fileRef = EB67474C26EB8F5A00A02695 /* CountryDetailsVC.swift */; };
		EB67475826EB922D00A02695 /* NVActivityIndicatorPresenter.swift in Sources */ = {isa = PBXBuildFile; fileRef = EB67475626EB922D00A02695 /* NVActivityIndicatorPresenter.swift */; };
		EB67475926EB922D00A02695 /* NVActivityIndicatorViewable.swift in Sources */ = {isa = PBXBuildFile; fileRef = EB67475726EB922D00A02695 /* NVActivityIndicatorViewable.swift */; };
		EB67476626EB92E000A02695 /* Extension.swift in Sources */ = {isa = PBXBuildFile; fileRef = EB67476526EB92E000A02695 /* Extension.swift */; };
/* End PBXBuildFile section */

/* Begin PBXContainerItemProxy section */
		EB67470026EB885800A02695 /* PBXContainerItemProxy */ = {
			isa = PBXContainerItemProxy;
			containerPortal = EB6746DE26EB885700A02695 /* Project object */;
			proxyType = 1;
			remoteGlobalIDString = EB6746E526EB885700A02695;
			remoteInfo = "Covid Data";
		};
		EB67470B26EB885800A02695 /* PBXContainerItemProxy */ = {
			isa = PBXContainerItemProxy;
			containerPortal = EB6746DE26EB885700A02695 /* Project object */;
			proxyType = 1;
			remoteGlobalIDString = EB6746E526EB885700A02695;
			remoteInfo = "Covid Data";
		};
/* End PBXContainerItemProxy section */

/* Begin PBXFileReference section */
		1AD2500230691926CBD8297D /* Pods-Covid DataTests.debug.xcconfig */ = {isa = PBXFileReference; includeInIndex = 1; lastKnownFileType = text.xcconfig; name = "Pods-Covid DataTests.debug.xcconfig"; path = "Target Support Files/Pods-Covid DataTests/Pods-Covid DataTests.debug.xcconfig"; sourceTree = "<group>"; };
		369C2280DFABBB60E036C66F /* Pods-Covid Data-Covid DataUITests.release.xcconfig */ = {isa = PBXFileReference; includeInIndex = 1; lastKnownFileType = text.xcconfig; name = "Pods-Covid Data-Covid DataUITests.release.xcconfig"; path = "Target Support Files/Pods-Covid Data-Covid DataUITests/Pods-Covid Data-Covid DataUITests.release.xcconfig"; sourceTree = "<group>"; };
		3FAC4DDF7133DF44D702CE1D /* Pods-Covid Data-Covid DataUITests.debug.xcconfig */ = {isa = PBXFileReference; includeInIndex = 1; lastKnownFileType = text.xcconfig; name = "Pods-Covid Data-Covid DataUITests.debug.xcconfig"; path = "Target Support Files/Pods-Covid Data-Covid DataUITests/Pods-Covid Data-Covid DataUITests.debug.xcconfig"; sourceTree = "<group>"; };
		5051BE73858D5EDFD6DC5318 /* Pods_Covid_Data_Covid_DataUITests.framework */ = {isa = PBXFileReference; explicitFileType = wrapper.framework; includeInIndex = 0; path = Pods_Covid_Data_Covid_DataUITests.framework; sourceTree = BUILT_PRODUCTS_DIR; };
		525D225CAF3F57DA9B7E1697 /* Pods-Covid DataTests.release.xcconfig */ = {isa = PBXFileReference; includeInIndex = 1; lastKnownFileType = text.xcconfig; name = "Pods-Covid DataTests.release.xcconfig"; path = "Target Support Files/Pods-Covid DataTests/Pods-Covid DataTests.release.xcconfig"; sourceTree = "<group>"; };
		7533DCAD612346453F0277DA /* Pods_Covid_Data.framework */ = {isa = PBXFileReference; explicitFileType = wrapper.framework; includeInIndex = 0; path = Pods_Covid_Data.framework; sourceTree = BUILT_PRODUCTS_DIR; };
		A128D59D9B2FCA6A4EEFE2AE /* Pods-Covid Data.release.xcconfig */ = {isa = PBXFileReference; includeInIndex = 1; lastKnownFileType = text.xcconfig; name = "Pods-Covid Data.release.xcconfig"; path = "Target Support Files/Pods-Covid Data/Pods-Covid Data.release.xcconfig"; sourceTree = "<group>"; };
		C063F9BE9F5A7997094C4C7D /* Pods-Covid Data.debug.xcconfig */ = {isa = PBXFileReference; includeInIndex = 1; lastKnownFileType = text.xcconfig; name = "Pods-Covid Data.debug.xcconfig"; path = "Target Support Files/Pods-Covid Data/Pods-Covid Data.debug.xcconfig"; sourceTree = "<group>"; };
		DEA7BBA8A6920BC68E05CBC4 /* Pods_Covid_DataTests.framework */ = {isa = PBXFileReference; explicitFileType = wrapper.framework; includeInIndex = 0; path = Pods_Covid_DataTests.framework; sourceTree = BUILT_PRODUCTS_DIR; };
		EB6746E626EB885700A02695 /* Covid Data.app */ = {isa = PBXFileReference; explicitFileType = wrapper.application; includeInIndex = 0; path = "Covid Data.app"; sourceTree = BUILT_PRODUCTS_DIR; };
		EB6746E926EB885700A02695 /* AppDelegate.swift */ = {isa = PBXFileReference; lastKnownFileType = sourcecode.swift; path = AppDelegate.swift; sourceTree = "<group>"; };
		EB6746EB26EB885700A02695 /* SceneDelegate.swift */ = {isa = PBXFileReference; lastKnownFileType = sourcecode.swift; path = SceneDelegate.swift; sourceTree = "<group>"; };
		EB6746F026EB885700A02695 /* Base */ = {isa = PBXFileReference; lastKnownFileType = file.storyboard; name = Base; path = Base.lproj/Main.storyboard; sourceTree = "<group>"; };
		EB6746F326EB885700A02695 /* Covid_Data.xcdatamodel */ = {isa = PBXFileReference; lastKnownFileType = wrapper.xcdatamodel; path = Covid_Data.xcdatamodel; sourceTree = "<group>"; };
		EB6746F526EB885800A02695 /* Assets.xcassets */ = {isa = PBXFileReference; lastKnownFileType = folder.assetcatalog; path = Assets.xcassets; sourceTree = "<group>"; };
		EB6746F826EB885800A02695 /* Base */ = {isa = PBXFileReference; lastKnownFileType = file.storyboard; name = Base; path = Base.lproj/LaunchScreen.storyboard; sourceTree = "<group>"; };
		EB6746FA26EB885800A02695 /* Info.plist */ = {isa = PBXFileReference; lastKnownFileType = text.plist.xml; path = Info.plist; sourceTree = "<group>"; };
		EB6746FF26EB885800A02695 /* Covid DataTests.xctest */ = {isa = PBXFileReference; explicitFileType = wrapper.cfbundle; includeInIndex = 0; path = "Covid DataTests.xctest"; sourceTree = BUILT_PRODUCTS_DIR; };
		EB67470326EB885800A02695 /* Covid_DataTests.swift */ = {isa = PBXFileReference; lastKnownFileType = sourcecode.swift; path = Covid_DataTests.swift; sourceTree = "<group>"; };
		EB67470526EB885800A02695 /* Info.plist */ = {isa = PBXFileReference; lastKnownFileType = text.plist.xml; path = Info.plist; sourceTree = "<group>"; };
		EB67470A26EB885800A02695 /* Covid DataUITests.xctest */ = {isa = PBXFileReference; explicitFileType = wrapper.cfbundle; includeInIndex = 0; path = "Covid DataUITests.xctest"; sourceTree = BUILT_PRODUCTS_DIR; };
		EB67470E26EB885800A02695 /* Covid_DataUITests.swift */ = {isa = PBXFileReference; lastKnownFileType = sourcecode.swift; path = Covid_DataUITests.swift; sourceTree = "<group>"; };
		EB67471026EB885800A02695 /* Info.plist */ = {isa = PBXFileReference; lastKnownFileType = text.plist.xml; path = Info.plist; sourceTree = "<group>"; };
		EB67472726EB8EC200A02695 /* CDDefaluts.swift */ = {isa = PBXFileReference; fileEncoding = 4; lastKnownFileType = sourcecode.swift; path = CDDefaluts.swift; sourceTree = "<group>"; };
		EB67472826EB8EC200A02695 /* IMUtility.swift */ = {isa = PBXFileReference; fileEncoding = 4; lastKnownFileType = sourcecode.swift; path = IMUtility.swift; sourceTree = "<group>"; };
		EB67472F26EB8EE800A02695 /* APIClient.swift */ = {isa = PBXFileReference; fileEncoding = 4; lastKnownFileType = sourcecode.swift; path = APIClient.swift; sourceTree = "<group>"; };
		EB67473026EB8EE800A02695 /* APIConstants.swift */ = {isa = PBXFileReference; fileEncoding = 4; lastKnownFileType = sourcecode.swift; path = APIConstants.swift; sourceTree = "<group>"; };
		EB67473126EB8EE800A02695 /* APIRouter.swift */ = {isa = PBXFileReference; fileEncoding = 4; lastKnownFileType = sourcecode.swift; path = APIRouter.swift; sourceTree = "<group>"; };
		EB67473226EB8EE800A02695 /* Enviroment.swift */ = {isa = PBXFileReference; fileEncoding = 4; lastKnownFileType = sourcecode.swift; path = Enviroment.swift; sourceTree = "<group>"; };
		EB67473B26EB8F1500A02695 /* Models.swift */ = {isa = PBXFileReference; fileEncoding = 4; lastKnownFileType = sourcecode.swift; path = Models.swift; sourceTree = "<group>"; };
		EB67474126EB8F3300A02695 /* SavedCountryNamesListCell.swift */ = {isa = PBXFileReference; fileEncoding = 4; lastKnownFileType = sourcecode.swift; path = SavedCountryNamesListCell.swift; sourceTree = "<group>"; };
		EB67474226EB8F3300A02695 /* CountryListCell.swift */ = {isa = PBXFileReference; fileEncoding = 4; lastKnownFileType = sourcecode.swift; path = CountryListCell.swift; sourceTree = "<group>"; };
		EB67474326EB8F3300A02695 /* CountryDetailsListCell.swift */ = {isa = PBXFileReference; fileEncoding = 4; lastKnownFileType = sourcecode.swift; path = CountryDetailsListCell.swift; sourceTree = "<group>"; };
		EB67474B26EB8F5A00A02695 /* CountrysListVC.swift */ = {isa = PBXFileReference; fileEncoding = 4; lastKnownFileType = sourcecode.swift; path = CountrysListVC.swift; sourceTree = "<group>"; };
		EB67474C26EB8F5A00A02695 /* CountryDetailsVC.swift */ = {isa = PBXFileReference; fileEncoding = 4; lastKnownFileType = sourcecode.swift; path = CountryDetailsVC.swift; sourceTree = "<group>"; };
		EB67475626EB922D00A02695 /* NVActivityIndicatorPresenter.swift */ = {isa = PBXFileReference; fileEncoding = 4; lastKnownFileType = sourcecode.swift; path = NVActivityIndicatorPresenter.swift; sourceTree = "<group>"; };
		EB67475726EB922D00A02695 /* NVActivityIndicatorViewable.swift */ = {isa = PBXFileReference; fileEncoding = 4; lastKnownFileType = sourcecode.swift; path = NVActivityIndicatorViewable.swift; sourceTree = "<group>"; };
		EB67476526EB92E000A02695 /* Extension.swift */ = {isa = PBXFileReference; lastKnownFileType = sourcecode.swift; path = Extension.swift; sourceTree = "<group>"; };
/* End PBXFileReference section */

/* Begin PBXFrameworksBuildPhase section */
		EB6746E326EB885700A02695 /* Frameworks */ = {
			isa = PBXFrameworksBuildPhase;
			buildActionMask = 2147483647;
			files = (
				B7402E8A6F0283FA5AE0F60B /* Pods_Covid_Data.framework in Frameworks */,
			);
			runOnlyForDeploymentPostprocessing = 0;
		};
		EB6746FC26EB885800A02695 /* Frameworks */ = {
			isa = PBXFrameworksBuildPhase;
			buildActionMask = 2147483647;
			files = (
				4C3D94B4084CA1592ED080A4 /* Pods_Covid_DataTests.framework in Frameworks */,
			);
			runOnlyForDeploymentPostprocessing = 0;
		};
		EB67470726EB885800A02695 /* Frameworks */ = {
			isa = PBXFrameworksBuildPhase;
			buildActionMask = 2147483647;
			files = (
				D1042F7D921BD3B37D18B83C /* Pods_Covid_Data_Covid_DataUITests.framework in Frameworks */,
			);
			runOnlyForDeploymentPostprocessing = 0;
		};
/* End PBXFrameworksBuildPhase section */

/* Begin PBXGroup section */
		2FA717006E9E9F3E46CA4AE0 /* Pods */ = {
			isa = PBXGroup;
			children = (
				C063F9BE9F5A7997094C4C7D /* Pods-Covid Data.debug.xcconfig */,
				A128D59D9B2FCA6A4EEFE2AE /* Pods-Covid Data.release.xcconfig */,
				3FAC4DDF7133DF44D702CE1D /* Pods-Covid Data-Covid DataUITests.debug.xcconfig */,
				369C2280DFABBB60E036C66F /* Pods-Covid Data-Covid DataUITests.release.xcconfig */,
				1AD2500230691926CBD8297D /* Pods-Covid DataTests.debug.xcconfig */,
				525D225CAF3F57DA9B7E1697 /* Pods-Covid DataTests.release.xcconfig */,
			);
			path = Pods;
			sourceTree = "<group>";
		};
		E82A72B23450EE868F3F1BB0 /* Frameworks */ = {
			isa = PBXGroup;
			children = (
				7533DCAD612346453F0277DA /* Pods_Covid_Data.framework */,
				5051BE73858D5EDFD6DC5318 /* Pods_Covid_Data_Covid_DataUITests.framework */,
				DEA7BBA8A6920BC68E05CBC4 /* Pods_Covid_DataTests.framework */,
			);
			name = Frameworks;
			sourceTree = "<group>";
		};
		EB6746DD26EB885700A02695 = {
			isa = PBXGroup;
			children = (
				EB6746E826EB885700A02695 /* Covid Data */,
				EB67470226EB885800A02695 /* Covid DataTests */,
				EB67470D26EB885800A02695 /* Covid DataUITests */,
				EB6746E726EB885700A02695 /* Products */,
				2FA717006E9E9F3E46CA4AE0 /* Pods */,
				E82A72B23450EE868F3F1BB0 /* Frameworks */,
			);
			sourceTree = "<group>";
		};
		EB6746E726EB885700A02695 /* Products */ = {
			isa = PBXGroup;
			children = (
				EB6746E626EB885700A02695 /* Covid Data.app */,
				EB6746FF26EB885800A02695 /* Covid DataTests.xctest */,
				EB67470A26EB885800A02695 /* Covid DataUITests.xctest */,
			);
			name = Products;
			sourceTree = "<group>";
		};
		EB6746E826EB885700A02695 /* Covid Data */ = {
			isa = PBXGroup;
			children = (
				EB67472626EB8EC200A02695 /* CustomeClases */,
				EB67472E26EB8EE800A02695 /* Networking */,
				EB67473A26EB8F1500A02695 /* ApiModel */,
				EB67474026EB8F3300A02695 /* Views */,
				EB67474A26EB8F5A00A02695 /* ViewControllers */,
				EB6746E926EB885700A02695 /* AppDelegate.swift */,
				EB6746EB26EB885700A02695 /* SceneDelegate.swift */,
				EB6746EF26EB885700A02695 /* Main.storyboard */,
				EB6746F526EB885800A02695 /* Assets.xcassets */,
				EB6746F726EB885800A02695 /* LaunchScreen.storyboard */,
				EB6746FA26EB885800A02695 /* Info.plist */,
				EB6746F226EB885700A02695 /* Covid_Data.xcdatamodeld */,
			);
			path = "Covid Data";
			sourceTree = "<group>";
		};
		EB67470226EB885800A02695 /* Covid DataTests */ = {
			isa = PBXGroup;
			children = (
				EB67470326EB885800A02695 /* Covid_DataTests.swift */,
				EB67470526EB885800A02695 /* Info.plist */,
			);
			path = "Covid DataTests";
			sourceTree = "<group>";
		};
		EB67470D26EB885800A02695 /* Covid DataUITests */ = {
			isa = PBXGroup;
			children = (
				EB67470E26EB885800A02695 /* Covid_DataUITests.swift */,
				EB67471026EB885800A02695 /* Info.plist */,
			);
			path = "Covid DataUITests";
			sourceTree = "<group>";
		};
		EB67472626EB8EC200A02695 /* CustomeClases */ = {
			isa = PBXGroup;
			children = (
				EB67475526EB922D00A02695 /* NVActivityIndicatorViewExtended */,
				EB67472726EB8EC200A02695 /* CDDefaluts.swift */,
				EB67472826EB8EC200A02695 /* IMUtility.swift */,
				EB67476526EB92E000A02695 /* Extension.swift */,
			);
			path = CustomeClases;
			sourceTree = "<group>";
		};
		EB67472E26EB8EE800A02695 /* Networking */ = {
			isa = PBXGroup;
			children = (
				EB67472F26EB8EE800A02695 /* APIClient.swift */,
				EB67473026EB8EE800A02695 /* APIConstants.swift */,
				EB67473126EB8EE800A02695 /* APIRouter.swift */,
				EB67473226EB8EE800A02695 /* Enviroment.swift */,
			);
			path = Networking;
			sourceTree = "<group>";
		};
		EB67473A26EB8F1500A02695 /* ApiModel */ = {
			isa = PBXGroup;
			children = (
				EB67473B26EB8F1500A02695 /* Models.swift */,
			);
			path = ApiModel;
			sourceTree = "<group>";
		};
		EB67474026EB8F3300A02695 /* Views */ = {
			isa = PBXGroup;
			children = (
				EB67474126EB8F3300A02695 /* SavedCountryNamesListCell.swift */,
				EB67474226EB8F3300A02695 /* CountryListCell.swift */,
				EB67474326EB8F3300A02695 /* CountryDetailsListCell.swift */,
			);
			path = Views;
			sourceTree = "<group>";
		};
		EB67474A26EB8F5A00A02695 /* ViewControllers */ = {
			isa = PBXGroup;
			children = (
				EB67474B26EB8F5A00A02695 /* CountrysListVC.swift */,
				EB67474C26EB8F5A00A02695 /* CountryDetailsVC.swift */,
			);
			name = ViewControllers;
			path = "Covid Data/ViewControllers";
			sourceTree = SOURCE_ROOT;
		};
		EB67475526EB922D00A02695 /* NVActivityIndicatorViewExtended */ = {
			isa = PBXGroup;
			children = (
				EB67475626EB922D00A02695 /* NVActivityIndicatorPresenter.swift */,
				EB67475726EB922D00A02695 /* NVActivityIndicatorViewable.swift */,
			);
			path = NVActivityIndicatorViewExtended;
			sourceTree = "<group>";
		};
/* End PBXGroup section */

/* Begin PBXNativeTarget section */
		EB6746E526EB885700A02695 /* Covid Data */ = {
			isa = PBXNativeTarget;
			buildConfigurationList = EB67471326EB885800A02695 /* Build configuration list for PBXNativeTarget "Covid Data" */;
			buildPhases = (
				C79780C72ABB43A9C2F2AA1F /* [CP] Check Pods Manifest.lock */,
				EB6746E226EB885700A02695 /* Sources */,
				EB6746E326EB885700A02695 /* Frameworks */,
				EB6746E426EB885700A02695 /* Resources */,
				503472185FBB39E9157BE735 /* [CP] Embed Pods Frameworks */,
			);
			buildRules = (
			);
			dependencies = (
			);
			name = "Covid Data";
			productName = "Covid Data";
			productReference = EB6746E626EB885700A02695 /* Covid Data.app */;
			productType = "com.apple.product-type.application";
		};
		EB6746FE26EB885800A02695 /* Covid DataTests */ = {
			isa = PBXNativeTarget;
			buildConfigurationList = EB67471626EB885800A02695 /* Build configuration list for PBXNativeTarget "Covid DataTests" */;
			buildPhases = (
				BC10F2E73D6DB1BD58706376 /* [CP] Check Pods Manifest.lock */,
				EB6746FB26EB885800A02695 /* Sources */,
				EB6746FC26EB885800A02695 /* Frameworks */,
				EB6746FD26EB885800A02695 /* Resources */,
			);
			buildRules = (
			);
			dependencies = (
				EB67470126EB885800A02695 /* PBXTargetDependency */,
			);
			name = "Covid DataTests";
			productName = "Covid DataTests";
			productReference = EB6746FF26EB885800A02695 /* Covid DataTests.xctest */;
			productType = "com.apple.product-type.bundle.unit-test";
		};
		EB67470926EB885800A02695 /* Covid DataUITests */ = {
			isa = PBXNativeTarget;
			buildConfigurationList = EB67471926EB885800A02695 /* Build configuration list for PBXNativeTarget "Covid DataUITests" */;
			buildPhases = (
				36E41293BACEB94D42E7E07E /* [CP] Check Pods Manifest.lock */,
				EB67470626EB885800A02695 /* Sources */,
				EB67470726EB885800A02695 /* Frameworks */,
				EB67470826EB885800A02695 /* Resources */,
				5CD75DA461081B3E30270C39 /* [CP] Embed Pods Frameworks */,
			);
			buildRules = (
			);
			dependencies = (
				EB67470C26EB885800A02695 /* PBXTargetDependency */,
			);
			name = "Covid DataUITests";
			productName = "Covid DataUITests";
			productReference = EB67470A26EB885800A02695 /* Covid DataUITests.xctest */;
			productType = "com.apple.product-type.bundle.ui-testing";
		};
/* End PBXNativeTarget section */

/* Begin PBXProject section */
		EB6746DE26EB885700A02695 /* Project object */ = {
			isa = PBXProject;
			attributes = {
				LastSwiftUpdateCheck = 1240;
				LastUpgradeCheck = 1240;
				TargetAttributes = {
					EB6746E526EB885700A02695 = {
						CreatedOnToolsVersion = 12.4;
					};
					EB6746FE26EB885800A02695 = {
						CreatedOnToolsVersion = 12.4;
						TestTargetID = EB6746E526EB885700A02695;
					};
					EB67470926EB885800A02695 = {
						CreatedOnToolsVersion = 12.4;
						TestTargetID = EB6746E526EB885700A02695;
					};
				};
			};
			buildConfigurationList = EB6746E126EB885700A02695 /* Build configuration list for PBXProject "Covid Data" */;
			compatibilityVersion = "Xcode 9.3";
			developmentRegion = en;
			hasScannedForEncodings = 0;
			knownRegions = (
				en,
				Base,
			);
			mainGroup = EB6746DD26EB885700A02695;
			productRefGroup = EB6746E726EB885700A02695 /* Products */;
			projectDirPath = "";
			projectRoot = "";
			targets = (
				EB6746E526EB885700A02695 /* Covid Data */,
				EB6746FE26EB885800A02695 /* Covid DataTests */,
				EB67470926EB885800A02695 /* Covid DataUITests */,
			);
		};
/* End PBXProject section */

/* Begin PBXResourcesBuildPhase section */
		EB6746E426EB885700A02695 /* Resources */ = {
			isa = PBXResourcesBuildPhase;
			buildActionMask = 2147483647;
			files = (
				EB6746F926EB885800A02695 /* LaunchScreen.storyboard in Resources */,
				EB6746F626EB885800A02695 /* Assets.xcassets in Resources */,
				EB6746F126EB885700A02695 /* Main.storyboard in Resources */,
			);
			runOnlyForDeploymentPostprocessing = 0;
		};
		EB6746FD26EB885800A02695 /* Resources */ = {
			isa = PBXResourcesBuildPhase;
			buildActionMask = 2147483647;
			files = (
			);
			runOnlyForDeploymentPostprocessing = 0;
		};
		EB67470826EB885800A02695 /* Resources */ = {
			isa = PBXResourcesBuildPhase;
			buildActionMask = 2147483647;
			files = (
			);
			runOnlyForDeploymentPostprocessing = 0;
		};
/* End PBXResourcesBuildPhase section */

/* Begin PBXShellScriptBuildPhase section */
		36E41293BACEB94D42E7E07E /* [CP] Check Pods Manifest.lock */ = {
			isa = PBXShellScriptBuildPhase;
			buildActionMask = 2147483647;
			files = (
			);
			inputFileListPaths = (
			);
			inputPaths = (
				"${PODS_PODFILE_DIR_PATH}/Podfile.lock",
				"${PODS_ROOT}/Manifest.lock",
			);
			name = "[CP] Check Pods Manifest.lock";
			outputFileListPaths = (
			);
			outputPaths = (
				"$(DERIVED_FILE_DIR)/Pods-Covid Data-Covid DataUITests-checkManifestLockResult.txt",
			);
			runOnlyForDeploymentPostprocessing = 0;
			shellPath = /bin/sh;
			shellScript = "diff \"${PODS_PODFILE_DIR_PATH}/Podfile.lock\" \"${PODS_ROOT}/Manifest.lock\" > /dev/null\nif [ $? != 0 ] ; then\n    # print error to STDERR\n    echo \"error: The sandbox is not in sync with the Podfile.lock. Run 'pod install' or update your CocoaPods installation.\" >&2\n    exit 1\nfi\n# This output is used by Xcode 'outputs' to avoid re-running this script phase.\necho \"SUCCESS\" > \"${SCRIPT_OUTPUT_FILE_0}\"\n";
			showEnvVarsInLog = 0;
		};
		503472185FBB39E9157BE735 /* [CP] Embed Pods Frameworks */ = {
			isa = PBXShellScriptBuildPhase;
			buildActionMask = 2147483647;
			files = (
			);
			inputFileListPaths = (
				"${PODS_ROOT}/Target Support Files/Pods-Covid Data/Pods-Covid Data-frameworks-${CONFIGURATION}-input-files.xcfilelist",
			);
			name = "[CP] Embed Pods Frameworks";
			outputFileListPaths = (
				"${PODS_ROOT}/Target Support Files/Pods-Covid Data/Pods-Covid Data-frameworks-${CONFIGURATION}-output-files.xcfilelist",
			);
			runOnlyForDeploymentPostprocessing = 0;
			shellPath = /bin/sh;
			shellScript = "\"${PODS_ROOT}/Target Support Files/Pods-Covid Data/Pods-Covid Data-frameworks.sh\"\n";
			showEnvVarsInLog = 0;
		};
		5CD75DA461081B3E30270C39 /* [CP] Embed Pods Frameworks */ = {
			isa = PBXShellScriptBuildPhase;
			buildActionMask = 2147483647;
			files = (
			);
			inputFileListPaths = (
				"${PODS_ROOT}/Target Support Files/Pods-Covid Data-Covid DataUITests/Pods-Covid Data-Covid DataUITests-frameworks-${CONFIGURATION}-input-files.xcfilelist",
			);
			name = "[CP] Embed Pods Frameworks";
			outputFileListPaths = (
				"${PODS_ROOT}/Target Support Files/Pods-Covid Data-Covid DataUITests/Pods-Covid Data-Covid DataUITests-frameworks-${CONFIGURATION}-output-files.xcfilelist",
			);
			runOnlyForDeploymentPostprocessing = 0;
			shellPath = /bin/sh;
			shellScript = "\"${PODS_ROOT}/Target Support Files/Pods-Covid Data-Covid DataUITests/Pods-Covid Data-Covid DataUITests-frameworks.sh\"\n";
			showEnvVarsInLog = 0;
		};
		BC10F2E73D6DB1BD58706376 /* [CP] Check Pods Manifest.lock */ = {
			isa = PBXShellScriptBuildPhase;
			buildActionMask = 2147483647;
			files = (
			);
			inputFileListPaths = (
			);
			inputPaths = (
				"${PODS_PODFILE_DIR_PATH}/Podfile.lock",
				"${PODS_ROOT}/Manifest.lock",
			);
			name = "[CP] Check Pods Manifest.lock";
			outputFileListPaths = (
			);
			outputPaths = (
				"$(DERIVED_FILE_DIR)/Pods-Covid DataTests-checkManifestLockResult.txt",
			);
			runOnlyForDeploymentPostprocessing = 0;
			shellPath = /bin/sh;
			shellScript = "diff \"${PODS_PODFILE_DIR_PATH}/Podfile.lock\" \"${PODS_ROOT}/Manifest.lock\" > /dev/null\nif [ $? != 0 ] ; then\n    # print error to STDERR\n    echo \"error: The sandbox is not in sync with the Podfile.lock. Run 'pod install' or update your CocoaPods installation.\" >&2\n    exit 1\nfi\n# This output is used by Xcode 'outputs' to avoid re-running this script phase.\necho \"SUCCESS\" > \"${SCRIPT_OUTPUT_FILE_0}\"\n";
			showEnvVarsInLog = 0;
		};
		C79780C72ABB43A9C2F2AA1F /* [CP] Check Pods Manifest.lock */ = {
			isa = PBXShellScriptBuildPhase;
			buildActionMask = 2147483647;
			files = (
			);
			inputFileListPaths = (
			);
			inputPaths = (
				"${PODS_PODFILE_DIR_PATH}/Podfile.lock",
				"${PODS_ROOT}/Manifest.lock",
			);
			name = "[CP] Check Pods Manifest.lock";
			outputFileListPaths = (
			);
			outputPaths = (
				"$(DERIVED_FILE_DIR)/Pods-Covid Data-checkManifestLockResult.txt",
			);
			runOnlyForDeploymentPostprocessing = 0;
			shellPath = /bin/sh;
			shellScript = "diff \"${PODS_PODFILE_DIR_PATH}/Podfile.lock\" \"${PODS_ROOT}/Manifest.lock\" > /dev/null\nif [ $? != 0 ] ; then\n    # print error to STDERR\n    echo \"error: The sandbox is not in sync with the Podfile.lock. Run 'pod install' or update your CocoaPods installation.\" >&2\n    exit 1\nfi\n# This output is used by Xcode 'outputs' to avoid re-running this script phase.\necho \"SUCCESS\" > \"${SCRIPT_OUTPUT_FILE_0}\"\n";
			showEnvVarsInLog = 0;
		};
/* End PBXShellScriptBuildPhase section */

/* Begin PBXSourcesBuildPhase section */
		EB6746E226EB885700A02695 /* Sources */ = {
			isa = PBXSourcesBuildPhase;
			buildActionMask = 2147483647;
			files = (
				EB67473C26EB8F1500A02695 /* Models.swift in Sources */,
				EB67472A26EB8EC200A02695 /* IMUtility.swift in Sources */,
				EB67473526EB8EE800A02695 /* APIRouter.swift in Sources */,
				EB67473626EB8EE800A02695 /* Enviroment.swift in Sources */,
				EB67474E26EB8F5A00A02695 /* CountryDetailsVC.swift in Sources */,
				EB67473326EB8EE800A02695 /* APIClient.swift in Sources */,
				EB67474526EB8F3400A02695 /* CountryListCell.swift in Sources */,
				EB6746F426EB885700A02695 /* Covid_Data.xcdatamodeld in Sources */,
				EB67473426EB8EE800A02695 /* APIConstants.swift in Sources */,
				EB67476626EB92E000A02695 /* Extension.swift in Sources */,
				EB67474D26EB8F5A00A02695 /* CountrysListVC.swift in Sources */,
				EB67475926EB922D00A02695 /* NVActivityIndicatorViewable.swift in Sources */,
				EB67474626EB8F3400A02695 /* CountryDetailsListCell.swift in Sources */,
				EB67472926EB8EC200A02695 /* CDDefaluts.swift in Sources */,
				EB67474426EB8F3400A02695 /* SavedCountryNamesListCell.swift in Sources */,
				EB6746EA26EB885700A02695 /* AppDelegate.swift in Sources */,
				EB6746EC26EB885700A02695 /* SceneDelegate.swift in Sources */,
				EB67475826EB922D00A02695 /* NVActivityIndicatorPresenter.swift in Sources */,
			);
			runOnlyForDeploymentPostprocessing = 0;
		};
		EB6746FB26EB885800A02695 /* Sources */ = {
			isa = PBXSourcesBuildPhase;
			buildActionMask = 2147483647;
			files = (
				EB67470426EB885800A02695 /* Covid_DataTests.swift in Sources */,
			);
			runOnlyForDeploymentPostprocessing = 0;
		};
		EB67470626EB885800A02695 /* Sources */ = {
			isa = PBXSourcesBuildPhase;
			buildActionMask = 2147483647;
			files = (
				EB67470F26EB885800A02695 /* Covid_DataUITests.swift in Sources */,
			);
			runOnlyForDeploymentPostprocessing = 0;
		};
/* End PBXSourcesBuildPhase section */

/* Begin PBXTargetDependency section */
		EB67470126EB885800A02695 /* PBXTargetDependency */ = {
			isa = PBXTargetDependency;
			target = EB6746E526EB885700A02695 /* Covid Data */;
			targetProxy = EB67470026EB885800A02695 /* PBXContainerItemProxy */;
		};
		EB67470C26EB885800A02695 /* PBXTargetDependency */ = {
			isa = PBXTargetDependency;
			target = EB6746E526EB885700A02695 /* Covid Data */;
			targetProxy = EB67470B26EB885800A02695 /* PBXContainerItemProxy */;
		};
/* End PBXTargetDependency section */

/* Begin PBXVariantGroup section */
		EB6746EF26EB885700A02695 /* Main.storyboard */ = {
			isa = PBXVariantGroup;
			children = (
				EB6746F026EB885700A02695 /* Base */,
			);
			name = Main.storyboard;
			sourceTree = "<group>";
		};
		EB6746F726EB885800A02695 /* LaunchScreen.storyboard */ = {
			isa = PBXVariantGroup;
			children = (
				EB6746F826EB885800A02695 /* Base */,
			);
			name = LaunchScreen.storyboard;
			sourceTree = "<group>";
		};
/* End PBXVariantGroup section */

/* Begin XCBuildConfiguration section */
		EB67471126EB885800A02695 /* Debug */ = {
			isa = XCBuildConfiguration;
			buildSettings = {
				ALWAYS_SEARCH_USER_PATHS = NO;
				CLANG_ANALYZER_NONNULL = YES;
				CLANG_ANALYZER_NUMBER_OBJECT_CONVERSION = YES_AGGRESSIVE;
				CLANG_CXX_LANGUAGE_STANDARD = "gnu++14";
				CLANG_CXX_LIBRARY = "libc++";
				CLANG_ENABLE_MODULES = YES;
				CLANG_ENABLE_OBJC_ARC = YES;
				CLANG_ENABLE_OBJC_WEAK = YES;
				CLANG_WARN_BLOCK_CAPTURE_AUTORELEASING = YES;
				CLANG_WARN_BOOL_CONVERSION = YES;
				CLANG_WARN_COMMA = YES;
				CLANG_WARN_CONSTANT_CONVERSION = YES;
				CLANG_WARN_DEPRECATED_OBJC_IMPLEMENTATIONS = YES;
				CLANG_WARN_DIRECT_OBJC_ISA_USAGE = YES_ERROR;
				CLANG_WARN_DOCUMENTATION_COMMENTS = YES;
				CLANG_WARN_EMPTY_BODY = YES;
				CLANG_WARN_ENUM_CONVERSION = YES;
				CLANG_WARN_INFINITE_RECURSION = YES;
				CLANG_WARN_INT_CONVERSION = YES;
				CLANG_WARN_NON_LITERAL_NULL_CONVERSION = YES;
				CLANG_WARN_OBJC_IMPLICIT_RETAIN_SELF = YES;
				CLANG_WARN_OBJC_LITERAL_CONVERSION = YES;
				CLANG_WARN_OBJC_ROOT_CLASS = YES_ERROR;
				CLANG_WARN_QUOTED_INCLUDE_IN_FRAMEWORK_HEADER = YES;
				CLANG_WARN_RANGE_LOOP_ANALYSIS = YES;
				CLANG_WARN_STRICT_PROTOTYPES = YES;
				CLANG_WARN_SUSPICIOUS_MOVE = YES;
				CLANG_WARN_UNGUARDED_AVAILABILITY = YES_AGGRESSIVE;
				CLANG_WARN_UNREACHABLE_CODE = YES;
				CLANG_WARN__DUPLICATE_METHOD_MATCH = YES;
				COPY_PHASE_STRIP = NO;
				DEBUG_INFORMATION_FORMAT = dwarf;
				ENABLE_STRICT_OBJC_MSGSEND = YES;
				ENABLE_TESTABILITY = YES;
				GCC_C_LANGUAGE_STANDARD = gnu11;
				GCC_DYNAMIC_NO_PIC = NO;
				GCC_NO_COMMON_BLOCKS = YES;
				GCC_OPTIMIZATION_LEVEL = 0;
				GCC_PREPROCESSOR_DEFINITIONS = (
					"DEBUG=1",
					"$(inherited)",
				);
				GCC_WARN_64_TO_32_BIT_CONVERSION = YES;
				GCC_WARN_ABOUT_RETURN_TYPE = YES_ERROR;
				GCC_WARN_UNDECLARED_SELECTOR = YES;
				GCC_WARN_UNINITIALIZED_AUTOS = YES_AGGRESSIVE;
				GCC_WARN_UNUSED_FUNCTION = YES;
				GCC_WARN_UNUSED_VARIABLE = YES;
				IPHONEOS_DEPLOYMENT_TARGET = 13.0;
				MTL_ENABLE_DEBUG_INFO = INCLUDE_SOURCE;
				MTL_FAST_MATH = YES;
				ONLY_ACTIVE_ARCH = YES;
				SDKROOT = iphoneos;
				SWIFT_ACTIVE_COMPILATION_CONDITIONS = DEBUG;
				SWIFT_OPTIMIZATION_LEVEL = "-Onone";
			};
			name = Debug;
		};
		EB67471226EB885800A02695 /* Release */ = {
			isa = XCBuildConfiguration;
			buildSettings = {
				ALWAYS_SEARCH_USER_PATHS = NO;
				CLANG_ANALYZER_NONNULL = YES;
				CLANG_ANALYZER_NUMBER_OBJECT_CONVERSION = YES_AGGRESSIVE;
				CLANG_CXX_LANGUAGE_STANDARD = "gnu++14";
				CLANG_CXX_LIBRARY = "libc++";
				CLANG_ENABLE_MODULES = YES;
				CLANG_ENABLE_OBJC_ARC = YES;
				CLANG_ENABLE_OBJC_WEAK = YES;
				CLANG_WARN_BLOCK_CAPTURE_AUTORELEASING = YES;
				CLANG_WARN_BOOL_CONVERSION = YES;
				CLANG_WARN_COMMA = YES;
				CLANG_WARN_CONSTANT_CONVERSION = YES;
				CLANG_WARN_DEPRECATED_OBJC_IMPLEMENTATIONS = YES;
				CLANG_WARN_DIRECT_OBJC_ISA_USAGE = YES_ERROR;
				CLANG_WARN_DOCUMENTATION_COMMENTS = YES;
				CLANG_WARN_EMPTY_BODY = YES;
				CLANG_WARN_ENUM_CONVERSION = YES;
				CLANG_WARN_INFINITE_RECURSION = YES;
				CLANG_WARN_INT_CONVERSION = YES;
				CLANG_WARN_NON_LITERAL_NULL_CONVERSION = YES;
				CLANG_WARN_OBJC_IMPLICIT_RETAIN_SELF = YES;
				CLANG_WARN_OBJC_LITERAL_CONVERSION = YES;
				CLANG_WARN_OBJC_ROOT_CLASS = YES_ERROR;
				CLANG_WARN_QUOTED_INCLUDE_IN_FRAMEWORK_HEADER = YES;
				CLANG_WARN_RANGE_LOOP_ANALYSIS = YES;
				CLANG_WARN_STRICT_PROTOTYPES = YES;
				CLANG_WARN_SUSPICIOUS_MOVE = YES;
				CLANG_WARN_UNGUARDED_AVAILABILITY = YES_AGGRESSIVE;
				CLANG_WARN_UNREACHABLE_CODE = YES;
				CLANG_WARN__DUPLICATE_METHOD_MATCH = YES;
				COPY_PHASE_STRIP = NO;
				DEBUG_INFORMATION_FORMAT = "dwarf-with-dsym";
				ENABLE_NS_ASSERTIONS = NO;
				ENABLE_STRICT_OBJC_MSGSEND = YES;
				GCC_C_LANGUAGE_STANDARD = gnu11;
				GCC_NO_COMMON_BLOCKS = YES;
				GCC_WARN_64_TO_32_BIT_CONVERSION = YES;
				GCC_WARN_ABOUT_RETURN_TYPE = YES_ERROR;
				GCC_WARN_UNDECLARED_SELECTOR = YES;
				GCC_WARN_UNINITIALIZED_AUTOS = YES_AGGRESSIVE;
				GCC_WARN_UNUSED_FUNCTION = YES;
				GCC_WARN_UNUSED_VARIABLE = YES;
				IPHONEOS_DEPLOYMENT_TARGET = 13.0;
				MTL_ENABLE_DEBUG_INFO = NO;
				MTL_FAST_MATH = YES;
				SDKROOT = iphoneos;
				SWIFT_COMPILATION_MODE = wholemodule;
				SWIFT_OPTIMIZATION_LEVEL = "-O";
				VALIDATE_PRODUCT = YES;
			};
			name = Release;
		};
		EB67471426EB885800A02695 /* Debug */ = {
			isa = XCBuildConfiguration;
			baseConfigurationReference = C063F9BE9F5A7997094C4C7D /* Pods-Covid Data.debug.xcconfig */;
			buildSettings = {
				ASSETCATALOG_COMPILER_APPICON_NAME = AppIcon;
				ASSETCATALOG_COMPILER_GLOBAL_ACCENT_COLOR_NAME = AccentColor;
				CODE_SIGN_STYLE = Automatic;
				DEVELOPMENT_TEAM = 3MDHM6VA27;
				INFOPLIST_FILE = "Covid Data/Info.plist";
				IPHONEOS_DEPLOYMENT_TARGET = 13.0;
				LD_RUNPATH_SEARCH_PATHS = (
					"$(inherited)",
					"@executable_path/Frameworks",
				);
				PRODUCT_BUNDLE_IDENTIFIER = "com.achyuth.Covid-Data";
				PRODUCT_NAME = "$(TARGET_NAME)";
				SWIFT_VERSION = 5.0;
				TARGETED_DEVICE_FAMILY = "1,2";
			};
			name = Debug;
		};
		EB67471526EB885800A02695 /* Release */ = {
			isa = XCBuildConfiguration;
			baseConfigurationReference = A128D59D9B2FCA6A4EEFE2AE /* Pods-Covid Data.release.xcconfig */;
			buildSettings = {
				ASSETCATALOG_COMPILER_APPICON_NAME = AppIcon;
				ASSETCATALOG_COMPILER_GLOBAL_ACCENT_COLOR_NAME = AccentColor;
				CODE_SIGN_STYLE = Automatic;
				DEVELOPMENT_TEAM = 3MDHM6VA27;
				INFOPLIST_FILE = "Covid Data/Info.plist";
				IPHONEOS_DEPLOYMENT_TARGET = 13.0;
				LD_RUNPATH_SEARCH_PATHS = (
					"$(inherited)",
					"@executable_path/Frameworks",
				);
				PRODUCT_BUNDLE_IDENTIFIER = "com.achyuth.Covid-Data";
				PRODUCT_NAME = "$(TARGET_NAME)";
				SWIFT_VERSION = 5.0;
				TARGETED_DEVICE_FAMILY = "1,2";
			};
			name = Release;
		};
		EB67471726EB885800A02695 /* Debug */ = {
			isa = XCBuildConfiguration;
			baseConfigurationReference = 1AD2500230691926CBD8297D /* Pods-Covid DataTests.debug.xcconfig */;
			buildSettings = {
				ALWAYS_EMBED_SWIFT_STANDARD_LIBRARIES = YES;
				BUNDLE_LOADER = "$(TEST_HOST)";
				CODE_SIGN_STYLE = Automatic;
				DEVELOPMENT_TEAM = 3MDHM6VA27;
				INFOPLIST_FILE = "Covid DataTests/Info.plist";
				IPHONEOS_DEPLOYMENT_TARGET = 14.4;
				LD_RUNPATH_SEARCH_PATHS = (
					"$(inherited)",
					"@executable_path/Frameworks",
					"@loader_path/Frameworks",
				);
				PRODUCT_BUNDLE_IDENTIFIER = "com.achyuth.Covid-DataTests";
				PRODUCT_NAME = "$(TARGET_NAME)";
				SWIFT_VERSION = 5.0;
				TARGETED_DEVICE_FAMILY = "1,2";
				TEST_HOST = "$(BUILT_PRODUCTS_DIR)/Covid Data.app/Covid Data";
			};
			name = Debug;
		};
		EB67471826EB885800A02695 /* Release */ = {
			isa = XCBuildConfiguration;
			baseConfigurationReference = 525D225CAF3F57DA9B7E1697 /* Pods-Covid DataTests.release.xcconfig */;
			buildSettings = {
				ALWAYS_EMBED_SWIFT_STANDARD_LIBRARIES = YES;
				BUNDLE_LOADER = "$(TEST_HOST)";
				CODE_SIGN_STYLE = Automatic;
				DEVELOPMENT_TEAM = 3MDHM6VA27;
				INFOPLIST_FILE = "Covid DataTests/Info.plist";
				IPHONEOS_DEPLOYMENT_TARGET = 14.4;
				LD_RUNPATH_SEARCH_PATHS = (
					"$(inherited)",
					"@executable_path/Frameworks",
					"@loader_path/Frameworks",
				);
				PRODUCT_BUNDLE_IDENTIFIER = "com.achyuth.Covid-DataTests";
				PRODUCT_NAME = "$(TARGET_NAME)";
				SWIFT_VERSION = 5.0;
				TARGETED_DEVICE_FAMILY = "1,2";
				TEST_HOST = "$(BUILT_PRODUCTS_DIR)/Covid Data.app/Covid Data";
			};
			name = Release;
		};
		EB67471A26EB885800A02695 /* Debug */ = {
			isa = XCBuildConfiguration;
			baseConfigurationReference = 3FAC4DDF7133DF44D702CE1D /* Pods-Covid Data-Covid DataUITests.debug.xcconfig */;
			buildSettings = {
				ALWAYS_EMBED_SWIFT_STANDARD_LIBRARIES = YES;
				CODE_SIGN_STYLE = Automatic;
				DEVELOPMENT_TEAM = 3MDHM6VA27;
				INFOPLIST_FILE = "Covid DataUITests/Info.plist";
				LD_RUNPATH_SEARCH_PATHS = (
					"$(inherited)",
					"@executable_path/Frameworks",
					"@loader_path/Frameworks",
				);
				PRODUCT_BUNDLE_IDENTIFIER = "com.achyuth.Covid-DataUITests";
				PRODUCT_NAME = "$(TARGET_NAME)";
				SWIFT_VERSION = 5.0;
				TARGETED_DEVICE_FAMILY = "1,2";
				TEST_TARGET_NAME = "Covid Data";
			};
			name = Debug;
		};
		EB67471B26EB885800A02695 /* Release */ = {
			isa = XCBuildConfiguration;
			baseConfigurationReference = 369C2280DFABBB60E036C66F /* Pods-Covid Data-Covid DataUITests.release.xcconfig */;
			buildSettings = {
				ALWAYS_EMBED_SWIFT_STANDARD_LIBRARIES = YES;
				CODE_SIGN_STYLE = Automatic;
				DEVELOPMENT_TEAM = 3MDHM6VA27;
				INFOPLIST_FILE = "Covid DataUITests/Info.plist";
				LD_RUNPATH_SEARCH_PATHS = (
					"$(inherited)",
					"@executable_path/Frameworks",
					"@loader_path/Frameworks",
				);
				PRODUCT_BUNDLE_IDENTIFIER = "com.achyuth.Covid-DataUITests";
				PRODUCT_NAME = "$(TARGET_NAME)";
				SWIFT_VERSION = 5.0;
				TARGETED_DEVICE_FAMILY = "1,2";
				TEST_TARGET_NAME = "Covid Data";
			};
			name = Release;
		};
/* End XCBuildConfiguration section */

/* Begin XCConfigurationList section */
		EB6746E126EB885700A02695 /* Build configuration list for PBXProject "Covid Data" */ = {
			isa = XCConfigurationList;
			buildConfigurations = (
				EB67471126EB885800A02695 /* Debug */,
				EB67471226EB885800A02695 /* Release */,
			);
			defaultConfigurationIsVisible = 0;
			defaultConfigurationName = Release;
		};
		EB67471326EB885800A02695 /* Build configuration list for PBXNativeTarget "Covid Data" */ = {
			isa = XCConfigurationList;
			buildConfigurations = (
				EB67471426EB885800A02695 /* Debug */,
				EB67471526EB885800A02695 /* Release */,
			);
			defaultConfigurationIsVisible = 0;
			defaultConfigurationName = Release;
		};
		EB67471626EB885800A02695 /* Build configuration list for PBXNativeTarget "Covid DataTests" */ = {
			isa = XCConfigurationList;
			buildConfigurations = (
				EB67471726EB885800A02695 /* Debug */,
				EB67471826EB885800A02695 /* Release */,
			);
			defaultConfigurationIsVisible = 0;
			defaultConfigurationName = Release;
		};
		EB67471926EB885800A02695 /* Build configuration list for PBXNativeTarget "Covid DataUITests" */ = {
			isa = XCConfigurationList;
			buildConfigurations = (
				EB67471A26EB885800A02695 /* Debug */,
				EB67471B26EB885800A02695 /* Release */,
			);
			defaultConfigurationIsVisible = 0;
			defaultConfigurationName = Release;
		};
/* End XCConfigurationList section */

/* Begin XCVersionGroup section */
		EB6746F226EB885700A02695 /* Covid_Data.xcdatamodeld */ = {
			isa = XCVersionGroup;
			children = (
				EB6746F326EB885700A02695 /* Covid_Data.xcdatamodel */,
			);
			currentVersion = EB6746F326EB885700A02695 /* Covid_Data.xcdatamodel */;
			path = Covid_Data.xcdatamodeld;
			sourceTree = "<group>";
			versionGroupType = wrapper.xcdatamodel;
		};
/* End XCVersionGroup section */
	};
	rootObject = EB6746DE26EB885700A02695 /* Project object */;
}
